// !$*UTF8*$!
{
	archiveVersion = 1;
	classes = {
	};
	objectVersion = 46;
	objects = {

/* Begin PBXBuildFile section */
		18E351AC15CAF66B0083228A /* UIKit.framework in Frameworks */ = {isa = PBXBuildFile; fileRef = 18E351AB15CAF66B0083228A /* UIKit.framework */; };
		18E351AE15CAF66B0083228A /* Foundation.framework in Frameworks */ = {isa = PBXBuildFile; fileRef = 18E351AD15CAF66B0083228A /* Foundation.framework */; };
		18E351B015CAF66B0083228A /* CoreGraphics.framework in Frameworks */ = {isa = PBXBuildFile; fileRef = 18E351AF15CAF66B0083228A /* CoreGraphics.framework */; };
		18E351B615CAF66B0083228A /* InfoPlist.strings in Resources */ = {isa = PBXBuildFile; fileRef = 18E351B415CAF66B0083228A /* InfoPlist.strings */; };
		18E351B815CAF66B0083228A /* main.m in Sources */ = {isa = PBXBuildFile; fileRef = 18E351B715CAF66B0083228A /* main.m */; };
		18E351BC15CAF66B0083228A /* TopPlacesAppDelegate.m in Sources */ = {isa = PBXBuildFile; fileRef = 18E351BB15CAF66B0083228A /* TopPlacesAppDelegate.m */; };
		18E351BF15CAF66B0083228A /* MainStoryboard_iPhone.storyboard in Resources */ = {isa = PBXBuildFile; fileRef = 18E351BD15CAF66B0083228A /* MainStoryboard_iPhone.storyboard */; };
		18E351C215CAF66B0083228A /* MainStoryboard_iPad.storyboard in Resources */ = {isa = PBXBuildFile; fileRef = 18E351C015CAF66B0083228A /* MainStoryboard_iPad.storyboard */; };
		18E351CE15CAFB940083228A /* FlickrFetcher.m in Sources */ = {isa = PBXBuildFile; fileRef = 18E351CD15CAFB940083228A /* FlickrFetcher.m */; };
		18E351D115CAFFBB0083228A /* TopPlacesViewController.m in Sources */ = {isa = PBXBuildFile; fileRef = 18E351D015CAFFBB0083228A /* TopPlacesViewController.m */; };
		18E351E815CB7DA40083228A /* LocalPhotosViewController.m in Sources */ = {isa = PBXBuildFile; fileRef = 18E351E715CB7DA40083228A /* LocalPhotosViewController.m */; };
/* End PBXBuildFile section */

/* Begin PBXFileReference section */
		18E351A715CAF66B0083228A /* TopPlaces.app */ = {isa = PBXFileReference; explicitFileType = wrapper.application; includeInIndex = 0; path = TopPlaces.app; sourceTree = BUILT_PRODUCTS_DIR; };
		18E351AB15CAF66B0083228A /* UIKit.framework */ = {isa = PBXFileReference; lastKnownFileType = wrapper.framework; name = UIKit.framework; path = System/Library/Frameworks/UIKit.framework; sourceTree = SDKROOT; };
		18E351AD15CAF66B0083228A /* Foundation.framework */ = {isa = PBXFileReference; lastKnownFileType = wrapper.framework; name = Foundation.framework; path = System/Library/Frameworks/Foundation.framework; sourceTree = SDKROOT; };
		18E351AF15CAF66B0083228A /* CoreGraphics.framework */ = {isa = PBXFileReference; lastKnownFileType = wrapper.framework; name = CoreGraphics.framework; path = System/Library/Frameworks/CoreGraphics.framework; sourceTree = SDKROOT; };
		18E351B315CAF66B0083228A /* TopPlaces-Info.plist */ = {isa = PBXFileReference; lastKnownFileType = text.plist.xml; path = "TopPlaces-Info.plist"; sourceTree = "<group>"; };
		18E351B515CAF66B0083228A /* en */ = {isa = PBXFileReference; lastKnownFileType = text.plist.strings; name = en; path = en.lproj/InfoPlist.strings; sourceTree = "<group>"; };
		18E351B715CAF66B0083228A /* main.m */ = {isa = PBXFileReference; lastKnownFileType = sourcecode.c.objc; path = main.m; sourceTree = "<group>"; };
		18E351B915CAF66B0083228A /* TopPlaces-Prefix.pch */ = {isa = PBXFileReference; lastKnownFileType = sourcecode.c.h; path = "TopPlaces-Prefix.pch"; sourceTree = "<group>"; };
		18E351BA15CAF66B0083228A /* TopPlacesAppDelegate.h */ = {isa = PBXFileReference; lastKnownFileType = sourcecode.c.h; path = TopPlacesAppDelegate.h; sourceTree = "<group>"; };
		18E351BB15CAF66B0083228A /* TopPlacesAppDelegate.m */ = {isa = PBXFileReference; lastKnownFileType = sourcecode.c.objc; path = TopPlacesAppDelegate.m; sourceTree = "<group>"; };
		18E351BE15CAF66B0083228A /* en */ = {isa = PBXFileReference; lastKnownFileType = file.storyboard; name = en; path = en.lproj/MainStoryboard_iPhone.storyboard; sourceTree = "<group>"; };
		18E351C115CAF66B0083228A /* en */ = {isa = PBXFileReference; lastKnownFileType = file.storyboard; name = en; path = en.lproj/MainStoryboard_iPad.storyboard; sourceTree = "<group>"; };
		18E351CB15CAFB940083228A /* FlickrAPIKey.h */ = {isa = PBXFileReference; fileEncoding = 4; lastKnownFileType = sourcecode.c.h; path = FlickrAPIKey.h; sourceTree = "<group>"; };
		18E351CC15CAFB940083228A /* FlickrFetcher.h */ = {isa = PBXFileReference; fileEncoding = 4; lastKnownFileType = sourcecode.c.h; path = FlickrFetcher.h; sourceTree = "<group>"; };
		18E351CD15CAFB940083228A /* FlickrFetcher.m */ = {isa = PBXFileReference; fileEncoding = 4; lastKnownFileType = sourcecode.c.objc; path = FlickrFetcher.m; sourceTree = "<group>"; };
		18E351CF15CAFFBB0083228A /* TopPlacesViewController.h */ = {isa = PBXFileReference; fileEncoding = 4; lastKnownFileType = sourcecode.c.h; path = TopPlacesViewController.h; sourceTree = "<group>"; };
		18E351D015CAFFBB0083228A /* TopPlacesViewController.m */ = {isa = PBXFileReference; fileEncoding = 4; lastKnownFileType = sourcecode.c.objc; path = TopPlacesViewController.m; sourceTree = "<group>"; };
		18E351E615CB7DA40083228A /* LocalPhotosViewController.h */ = {isa = PBXFileReference; fileEncoding = 4; lastKnownFileType = sourcecode.c.h; path = LocalPhotosViewController.h; sourceTree = "<group>"; };
		18E351E715CB7DA40083228A /* LocalPhotosViewController.m */ = {isa = PBXFileReference; fileEncoding = 4; lastKnownFileType = sourcecode.c.objc; path = LocalPhotosViewController.m; sourceTree = "<group>"; };
/* End PBXFileReference section */

/* Begin PBXFrameworksBuildPhase section */
		18E351A415CAF66B0083228A /* Frameworks */ = {
			isa = PBXFrameworksBuildPhase;
			buildActionMask = 2147483647;
			files = (
				18E351AC15CAF66B0083228A /* UIKit.framework in Frameworks */,
				18E351AE15CAF66B0083228A /* Foundation.framework in Frameworks */,
				18E351B015CAF66B0083228A /* CoreGraphics.framework in Frameworks */,
			);
			runOnlyForDeploymentPostprocessing = 0;
		};
/* End PBXFrameworksBuildPhase section */

/* Begin PBXGroup section */
		18E3519C15CAF66B0083228A = {
			isa = PBXGroup;
			children = (
				18E351B115CAF66B0083228A /* TopPlaces */,
				18E351AA15CAF66B0083228A /* Frameworks */,
				18E351A815CAF66B0083228A /* Products */,
			);
			sourceTree = "<group>";
		};
		18E351A815CAF66B0083228A /* Products */ = {
			isa = PBXGroup;
			children = (
				18E351A715CAF66B0083228A /* TopPlaces.app */,
			);
			name = Products;
			sourceTree = "<group>";
		};
		18E351AA15CAF66B0083228A /* Frameworks */ = {
			isa = PBXGroup;
			children = (
				18E351AB15CAF66B0083228A /* UIKit.framework */,
				18E351AD15CAF66B0083228A /* Foundation.framework */,
				18E351AF15CAF66B0083228A /* CoreGraphics.framework */,
			);
			name = Frameworks;
			sourceTree = "<group>";
		};
		18E351B115CAF66B0083228A /* TopPlaces */ = {
			isa = PBXGroup;
			children = (
				18E351BD15CAF66B0083228A /* MainStoryboard_iPhone.storyboard */,
				18E351C015CAF66B0083228A /* MainStoryboard_iPad.storyboard */,
				18E351CF15CAFFBB0083228A /* TopPlacesViewController.h */,
				18E351D015CAFFBB0083228A /* TopPlacesViewController.m */,
				18E351E615CB7DA40083228A /* LocalPhotosViewController.h */,
				18E351E715CB7DA40083228A /* LocalPhotosViewController.m */,
				18E351CB15CAFB940083228A /* FlickrAPIKey.h */,
				18E351CC15CAFB940083228A /* FlickrFetcher.h */,
				18E351CD15CAFB940083228A /* FlickrFetcher.m */,
				18E351B215CAF66B0083228A /* Supporting Files */,
			);
			path = TopPlaces;
			sourceTree = "<group>";
		};
		18E351B215CAF66B0083228A /* Supporting Files */ = {
			isa = PBXGroup;
			children = (
				18E351BA15CAF66B0083228A /* TopPlacesAppDelegate.h */,
				18E351BB15CAF66B0083228A /* TopPlacesAppDelegate.m */,
				18E351B315CAF66B0083228A /* TopPlaces-Info.plist */,
				18E351B415CAF66B0083228A /* InfoPlist.strings */,
				18E351B715CAF66B0083228A /* main.m */,
				18E351B915CAF66B0083228A /* TopPlaces-Prefix.pch */,
			);
			name = "Supporting Files";
			sourceTree = "<group>";
		};
/* End PBXGroup section */

/* Begin PBXNativeTarget section */
		18E351A615CAF66B0083228A /* TopPlaces */ = {
			isa = PBXNativeTarget;
			buildConfigurationList = 18E351C815CAF66B0083228A /* Build configuration list for PBXNativeTarget "TopPlaces" */;
			buildPhases = (
				18E351A315CAF66B0083228A /* Sources */,
				18E351A415CAF66B0083228A /* Frameworks */,
				18E351A515CAF66B0083228A /* Resources */,
			);
			buildRules = (
			);
			dependencies = (
			);
			name = TopPlaces;
			productName = TopPlaces;
			productReference = 18E351A715CAF66B0083228A /* TopPlaces.app */;
			productType = "com.apple.product-type.application";
		};
/* End PBXNativeTarget section */

/* Begin PBXProject section */
		18E3519E15CAF66B0083228A /* Project object */ = {
			isa = PBXProject;
			attributes = {
				CLASSPREFIX = TopPlaces;
				LastUpgradeCheck = 0440;
				ORGANIZATIONNAME = "Zhan Jingjie";
			};
			buildConfigurationList = 18E351A115CAF66B0083228A /* Build configuration list for PBXProject "TopPlaces" */;
			compatibilityVersion = "Xcode 3.2";
			developmentRegion = English;
			hasScannedForEncodings = 0;
			knownRegions = (
				en,
			);
			mainGroup = 18E3519C15CAF66B0083228A;
			productRefGroup = 18E351A815CAF66B0083228A /* Products */;
			projectDirPath = "";
			projectRoot = "";
			targets = (
				18E351A615CAF66B0083228A /* TopPlaces */,
			);
		};
/* End PBXProject section */

/* Begin PBXResourcesBuildPhase section */
		18E351A515CAF66B0083228A /* Resources */ = {
			isa = PBXResourcesBuildPhase;
			buildActionMask = 2147483647;
			files = (
				18E351B615CAF66B0083228A /* InfoPlist.strings in Resources */,
				18E351BF15CAF66B0083228A /* MainStoryboard_iPhone.storyboard in Resources */,
				18E351C215CAF66B0083228A /* MainStoryboard_iPad.storyboard in Resources */,
			);
			runOnlyForDeploymentPostprocessing = 0;
		};
/* End PBXResourcesBuildPhase section */

/* Begin PBXSourcesBuildPhase section */
		18E351A315CAF66B0083228A /* Sources */ = {
			isa = PBXSourcesBuildPhase;
			buildActionMask = 2147483647;
			files = (
				18E351B815CAF66B0083228A /* main.m in Sources */,
				18E351BC15CAF66B0083228A /* TopPlacesAppDelegate.m in Sources */,
				18E351CE15CAFB940083228A /* FlickrFetcher.m in Sources */,
				18E351D115CAFFBB0083228A /* TopPlacesViewController.m in Sources */,
				18E351E815CB7DA40083228A /* LocalPhotosViewController.m in Sources */,
			);
			runOnlyForDeploymentPostprocessing = 0;
		};
/* End PBXSourcesBuildPhase section */

/* Begin PBXVariantGroup section */
		18E351B415CAF66B0083228A /* InfoPlist.strings */ = {
			isa = PBXVariantGroup;
			children = (
				18E351B515CAF66B0083228A /* en */,
			);
			name = InfoPlist.strings;
			sourceTree = "<group>";
		};
		18E351BD15CAF66B0083228A /* MainStoryboard_iPhone.storyboard */ = {
			isa = PBXVariantGroup;
			children = (
				18E351BE15CAF66B0083228A /* en */,
			);
			name = MainStoryboard_iPhone.storyboard;
			sourceTree = "<group>";
		};
		18E351C015CAF66B0083228A /* MainStoryboard_iPad.storyboard */ = {
			isa = PBXVariantGroup;
			children = (
				18E351C115CAF66B0083228A /* en */,
			);
			name = MainStoryboard_iPad.storyboard;
			sourceTree = "<group>";
		};
/* End PBXVariantGroup section */

/* Begin XCBuildConfiguration section */
		18E351C615CAF66B0083228A /* Debug */ = {
			isa = XCBuildConfiguration;
			buildSettings = {
				ALWAYS_SEARCH_USER_PATHS = NO;
				ARCHS = "$(ARCHS_STANDARD_32_BIT)";
				CLANG_CXX_LANGUAGE_STANDARD = "gnu++0x";
				CLANG_ENABLE_OBJC_ARC = YES;
				CLANG_WARN__DUPLICATE_METHOD_MATCH = YES;
				"CODE_SIGN_IDENTITY[sdk=iphoneos*]" = "iPhone Developer";
				COPY_PHASE_STRIP = NO;
				GCC_C_LANGUAGE_STANDARD = gnu99;
				GCC_DYNAMIC_NO_PIC = NO;
				GCC_OPTIMIZATION_LEVEL = 0;
				GCC_PREPROCESSOR_DEFINITIONS = (
					"DEBUG=1",
					"$(inherited)",
				);
				GCC_SYMBOLS_PRIVATE_EXTERN = NO;
				GCC_VERSION = com.apple.compilers.llvm.clang.1_0;
				GCC_WARN_ABOUT_RETURN_TYPE = YES;
				GCC_WARN_UNINITIALIZED_AUTOS = YES;
				GCC_WARN_UNUSED_VARIABLE = YES;
				IPHONEOS_DEPLOYMENT_TARGET = 5.1;
				SDKROOT = iphoneos;
				TARGETED_DEVICE_FAMILY = "1,2";
			};
			name = Debug;
		};
		18E351C715CAF66B0083228A /* Release */ = {
			isa = XCBuildConfiguration;
			buildSettings = {
				ALWAYS_SEARCH_USER_PATHS = NO;
				ARCHS = "$(ARCHS_STANDARD_32_BIT)";
				CLANG_CXX_LANGUAGE_STANDARD = "gnu++0x";
				CLANG_ENABLE_OBJC_ARC = YES;
				CLANG_WARN__DUPLICATE_METHOD_MATCH = YES;
				"CODE_SIGN_IDENTITY[sdk=iphoneos*]" = "iPhone Developer";
				COPY_PHASE_STRIP = YES;
				GCC_C_LANGUAGE_STANDARD = gnu99;
				GCC_VERSION = com.apple.compilers.llvm.clang.1_0;
				GCC_WARN_ABOUT_RETURN_TYPE = YES;
				GCC_WARN_UNINITIALIZED_AUTOS = YES;
				GCC_WARN_UNUSED_VARIABLE = YES;
				IPHONEOS_DEPLOYMENT_TARGET = 5.1;
				OTHER_CFLAGS = "-DNS_BLOCK_ASSERTIONS=1";
				SDKROOT = iphoneos;
				TARGETED_DEVICE_FAMILY = "1,2";
				VALIDATE_PRODUCT = YES;
			};
			name = Release;
		};
		18E351C915CAF66B0083228A /* Debug */ = {
			isa = XCBuildConfiguration;
			buildSettings = {
				GCC_PRECOMPILE_PREFIX_HEADER = YES;
				GCC_PREFIX_HEADER = "TopPlaces/TopPlaces-Prefix.pch";
				INFOPLIST_FILE = "TopPlaces/TopPlaces-Info.plist";
				PRODUCT_NAME = "$(TARGET_NAME)";
				WRAPPER_EXTENSION = app;
			};
			name = Debug;
		};
		18E351CA15CAF66B0083228A /* Release */ = {
			isa = XCBuildConfiguration;
			buildSettings = {
				GCC_PRECOMPILE_PREFIX_HEADER = YES;
				GCC_PREFIX_HEADER = "TopPlaces/TopPlaces-Prefix.pch";
				INFOPLIST_FILE = "TopPlaces/TopPlaces-Info.plist";
				PRODUCT_NAME = "$(TARGET_NAME)";
				WRAPPER_EXTENSION = app;
			};
			name = Release;
		};
/* End XCBuildConfiguration section */

/* Begin XCConfigurationList section */
		18E351A115CAF66B0083228A /* Build configuration list for PBXProject "TopPlaces" */ = {
			isa = XCConfigurationList;
			buildConfigurations = (
				18E351C615CAF66B0083228A /* Debug */,
				18E351C715CAF66B0083228A /* Release */,
			);
			defaultConfigurationIsVisible = 0;
			defaultConfigurationName = Release;
		};
		18E351C815CAF66B0083228A /* Build configuration list for PBXNativeTarget "TopPlaces" */ = {
			isa = XCConfigurationList;
			buildConfigurations = (
				18E351C915CAF66B0083228A /* Debug */,
				18E351CA15CAF66B0083228A /* Release */,
			);
			defaultConfigurationIsVisible = 0;
		};
/* End XCConfigurationList section */
	};
	rootObject = 18E3519E15CAF66B0083228A /* Project object */;
}
